{
  "version": "5",
  "specifiers": {
    "npm:@playwright/test@1.63.0": "1.63.0",
    "npm:typescript@6.0.3": "6.0.3"
  },
  "npm": {
    "@playwright/test@1.63.0": {
      "integrity": "sha512-oxMK4vllB9RK5NQ2l1pq1IfOf2AvnEuj/vYGDj0H2nMtmtZpKtCwt/l00GEO6xjGfpBNAvjovvYdCm50dRQkpQ==",
      "dependencies": [
        "playwright"
      ],
      "bin": true
    },
    "playwright-core@1.63.0": {
      "integrity": "sha512-rYCsBF/M5HjUch52bbtVONEFjv6Xu8sm8h72dNlR5bzIE1fvC/bxgspzkjSfU+MweEMmPM8KJebG6nnyxo5mCg==",
      "bin": true
    },
    "playwright@1.63.0": {
      "integrity": "sha512-+7ziBLidS4NaNCdt57SUDT+wYmmd5fmiQejUic/kb+YsYSCPyOOE9sebzMjNmQrsnNpDJqd4WHvV/8lfKfUDUg==",
      "dependencies": [
        "playwright-core"
      ],
      "bin": true
    },
    "typescript@6.0.3": {
      "integrity": "sha512-y2TvuxSZPDyQakkFRPZHKFm+KKVqIisdg9/CZwm9ftvKXLP8NRWj38/ODjNbr43SsoXqNuAisEf1GdCxqWcdBw==",
      "bin": true
    }
  },
  "workspace": {
    "dependencies": [
      "npm:@playwright/test@1.63.0",
      "npm:typescript@6.0.3"
    ]
  }
}
